
Microsoft Visual Studio Solution File, Format Version 12.00
# Visual Studio Version 16
VisualStudioVersion = 25.0.1705.0
MinimumVisualStudioVersion = 10.0.40219.1
Project("{FAE04EC0-301F-11D3-BF4B-00C04F79EFBC}") = "Spreadsheet", "Spreadsheet\Spreadsheet.csproj", "{72556A28-28F5-4ED8-B6A0-D67F9645EFB1}"
EndProject
Global
	GlobalSection(SolutionConfigurationPlatforms) = preSolution
		Debug|Any CPU = Debug|Any CPU
		Release|Any CPU = Release|Any CPU
	EndGlobalSection
	GlobalSection(ProjectConfigurationPlatforms) = postSolution
		{72556A28-28F5-4ED8-B6A0-D67F9645EFB1}.Debug|Any CPU.ActiveCfg = Debug|Any CPU
		{72556A28-28F5-4ED8-B6A0-D67F9645EFB1}.Debug|Any CPU.Build.0 = Debug|Any CPU
		{72556A28-28F5-4ED8-B6A0-D67F9645EFB1}.Release|Any CPU.ActiveCfg = Release|Any CPU
		{72556A28-28F5-4ED8-B6A0-D67F9645EFB1}.Release|Any CPU.Build.0 = Release|Any CPU
	EndGlobalSection
	GlobalSection(SolutionProperties) = preSolution
		HideSolutionNode = FALSE
	EndGlobalSection
	GlobalSection(ExtensibilityGlobals) = postSolution
		SolutionGuid = {28E80098-5BC9-49D7-87C2-7DFF4F98A421}
	EndGlobalSection
EndGlobal
